{
    "_meta": {
        "hash": {
            "sha256": "f568cd1c73cfdea6261ea038c1fed7b16d13d17234ce862472904a814fdbf077"
        },
        "pipfile-spec": 6,
        "requires": {
            "python_version": "3.6"
        },
        "sources": [
            {
                "name": "pypi",
                "url": "https://pypi.org/simple",
                "verify_ssl": true
            }
        ]
    },
    "default": {
        "certifi": {
            "hashes": [
                "sha256:017c25db2a153ce562900032d5bc68e9f191e44e9a0f762f373977de9df1fbb3",
                "sha256:25b64c7da4cd7479594d035c08c2d809eb4aab3a26e5a990ea98cc450c320f1f"
            ],
            "version": "==2019.11.28"
        },
        "chardet": {
            "hashes": [
                "sha256:84ab92ed1c4d4f16916e05906b6b75a6c0fb5db821cc65e70cbd64a3e2a5eaae",
                "sha256:fc323ffcaeaed0e0a02bf4d117757b98aed530d9ed4531e3e15460124c106691"
            ],
            "version": "==3.0.4"
        },
        "dj-database-url": {
            "hashes": [
                "sha256:4aeaeb1f573c74835b0686a2b46b85990571159ffc21aa57ecd4d1e1cb334163",
                "sha256:851785365761ebe4994a921b433062309eb882fedd318e1b0fcecc607ed02da9"
            ],
            "version": "==0.5.0"
        },
        "django": {
            "hashes": [
                "sha256:1226168be1b1c7efd0e66ee79b0e0b58b2caa7ed87717909cd8a57bb13a7079a",
                "sha256:9a4635813e2d498a3c01b10c701fe4a515d76dd290aaa792ccb65ca4ccb6b038"
            ],
            "index": "pypi",
            "version": "==2.2.10"
        },
        "django-heroku": {
            "hashes": [
                "sha256:2bc690aab89eedbe01311752320a9a12e7548e3b0ed102681acc5736a41a4762",
                "sha256:6af4bc3ae4a9b55eaad6dbe5164918982d2762661aebc9f83d9fa49f6009514e"
            ],
            "index": "pypi",
            "version": "==0.3.1"
        },
        "django-pandas": {
            "hashes": [
                "sha256:7a2fa3da0eebbfd1ea172d84e4bbe8a4a5e4ae19e07a95beebddd29a98db5203",
                "sha256:d63a800ca2396fc6f6d2deeba787d6b8b0e394c476c7a8fe726e65a3cf75deac"
            ],
            "index": "pypi",
            "version": "==0.5.1"
        },
        "gunicorn": {
            "hashes": [
                "sha256:7ef2b828b335ed58e3b64ffa84caceb0a7dd7c5ca12f217241350dec36a1d5dc",
                "sha256:bc59005979efb6d2dd7d5ba72d99f8a8422862ad17ff3a16e900684630dd2a10"
            ],
            "index": "pypi",
            "version": "==19.8.1"
        },
        "idna": {
            "hashes": [
                "sha256:2c6a5de3089009e3da7c5dde64a141dbc8551d5b7f6cf4ed7c2568d0cc520a8f",
                "sha256:8c7309c718f94b3a625cb648ace320157ad16ff131ae0af362c9f21b80ef6ec4"
            ],
            "version": "==2.6"
        },
        "numpy": {
            "hashes": [
                "sha256:1786a08236f2c92ae0e70423c45e1e62788ed33028f94ca99c4df03f5be6b3c6",
                "sha256:17aa7a81fe7599a10f2b7d95856dc5cf84a4eefa45bc96123cbbc3ebc568994e",
                "sha256:20b26aaa5b3da029942cdcce719b363dbe58696ad182aff0e5dcb1687ec946dc",
                "sha256:2d75908ab3ced4223ccba595b48e538afa5ecc37405923d1fea6906d7c3a50bc",
                "sha256:39d2c685af15d3ce682c99ce5925cc66efc824652e10990d2462dfe9b8918c6a",
                "sha256:56bc8ded6fcd9adea90f65377438f9fea8c05fcf7c5ba766bef258d0da1554aa",
                "sha256:590355aeade1a2eaba17617c19edccb7db8d78760175256e3cf94590a1a964f3",
                "sha256:70a840a26f4e61defa7bdf811d7498a284ced303dfbc35acb7be12a39b2aa121",
                "sha256:77c3bfe65d8560487052ad55c6998a04b654c2fbc36d546aef2b2e511e760971",
                "sha256:9537eecf179f566fd1c160a2e912ca0b8e02d773af0a7a1120ad4f7507cd0d26",
                "sha256:9acdf933c1fd263c513a2df3dceecea6f3ff4419d80bf238510976bf9bcb26cd",
                "sha256:ae0975f42ab1f28364dcda3dde3cf6c1ddab3e1d4b2909da0cb0191fa9ca0480",
                "sha256:b3af02ecc999c8003e538e60c89a2b37646b39b688d4e44d7373e11c2debabec",
                "sha256:b6ff59cee96b454516e47e7721098e6ceebef435e3e21ac2d6c3b8b02628eb77",
                "sha256:b765ed3930b92812aa698a455847141869ef755a87e099fddd4ccf9d81fffb57",
                "sha256:c98c5ffd7d41611407a1103ae11c8b634ad6a43606eca3e2a5a269e5d6e8eb07",
                "sha256:cf7eb6b1025d3e169989416b1adcd676624c2dbed9e3bcb7137f51bfc8cc2572",
                "sha256:d92350c22b150c1cae7ebb0ee8b5670cc84848f6359cf6b5d8f86617098a9b73",
                "sha256:e422c3152921cece8b6a2fb6b0b4d73b6579bd20ae075e7d15143e711f3ca2ca",
                "sha256:e840f552a509e3380b0f0ec977e8124d0dc34dc0e68289ca28f4d7c1d0d79474",
                "sha256:f3d0a94ad151870978fb93538e95411c83899c9dc63e6fb65542f769568ecfa5"
            ],
            "version": "==1.18.1"
        },
        "pandas": {
            "hashes": [
                "sha256:23e177d43e4bf68950b0f8788b6a2fef2f478f4ec94883acb627b9264522a98a",
                "sha256:2530aea4fe46e8df7829c3f05e0a0f821c893885d53cb8ac9b89cc67c143448c",
                "sha256:303827f0bb40ff610fbada5b12d50014811efcc37aaf6ef03202dc3054bfdda1",
                "sha256:3b019e3ea9f5d0cfee0efabae2cfd3976874e90bcc3e97b29600e5a9b345ae3d",
                "sha256:3c07765308f091d81b6735d4f2242bb43c332cc3461cae60543df6b10967fe27",
                "sha256:5036d4009012a44aa3e50173e482b664c1fae36decd277c49e453463798eca4e",
                "sha256:6f38969e2325056f9959efbe06c27aa2e94dd35382265ad0703681d993036052",
                "sha256:74a470d349d52b9d00a2ba192ae1ee22155bb0a300fd1ccb2961006c3fa98ed3",
                "sha256:7d77034e402165b947f43050a8a415aa3205abfed38d127ea66e57a2b7b5a9e0",
                "sha256:7f9a509f6f11fa8b9313002ebdf6f690a7aa1dd91efd95d90185371a0d68220e",
                "sha256:942b5d04762feb0e55b2ad97ce2b254a0ffdd344b56493b04a627266e24f2d82",
                "sha256:a9fbe41663416bb70ed05f4e16c5f377519c0dc292ba9aa45f5356e37df03a38",
                "sha256:d10e83866b48c0cdb83281f786564e2a2b51a7ae7b8a950c3442ad3c9e36b48c",
                "sha256:e2140e1bbf9c46db9936ee70f4be6584d15ff8dc3dfff1da022d71227d53bad3"
            ],
            "version": "==1.0.1"
        },
        "psycopg2": {
            "hashes": [
                "sha256:4212ca404c4445dc5746c0d68db27d2cbfb87b523fe233dc84ecd24062e35677",
                "sha256:47fc642bf6f427805daf52d6e52619fe0637648fe27017062d898f3bf891419d",
                "sha256:72772181d9bad1fa349792a1e7384dde56742c14af2b9986013eb94a240f005b",
                "sha256:8396be6e5ff844282d4d49b81631772f80dabae5658d432202faf101f5283b7c",
                "sha256:893c11064b347b24ecdd277a094413e1954f8a4e8cdaf7ffbe7ca3db87c103f0",
                "sha256:92a07dfd4d7c325dd177548c4134052d4842222833576c8391aab6f74038fc3f",
                "sha256:965c4c93e33e6984d8031f74e51227bd755376a9df6993774fd5b6fb3288b1f4",
                "sha256:9ab75e0b2820880ae24b7136c4d230383e07db014456a476d096591172569c38",
                "sha256:b0845e3bdd4aa18dc2f9b6fb78fbd3d9d371ad167fd6d1b7ad01c0a6cdad4fc6",
                "sha256:dca2d7203f0dfce8ea4b3efd668f8ea65cd2b35112638e488a4c12594015f67b",
                "sha256:ed686e5926929887e2c7ae0a700e32c6129abb798b4ad2b846e933de21508151",
                "sha256:ef6df7e14698e79c59c7ee7cf94cd62e5b869db369ed4b1b8f7b729ea825712a",
                "sha256:f898e5cc0a662a9e12bde6f931263a1bbd350cfb18e1d5336a12927851825bb6"
            ],
            "version": "==2.8.4"
        },
        "psycopg2-binary": {
            "hashes": [
                "sha256:02eb674e3d5810e19b4d5d00720b17130e182da1ba259dda608aaf33d787347d",
                "sha256:3a14baeabcebd4662f12f4bff03e0574a2369a2e41baf829e6fb4a24c95cf88b",
                "sha256:436a503eda41f6adb08f292f40a3784fce0a5f351b6ae7b19a911904db53af93",
                "sha256:465ff1d427ed42c31e456dbbd9edab3552be18a0edaef7450c5b3e6fee745052",
                "sha256:4a1a5ea2fa4b53191637b162873a82822d92a85a08beefe28296b8eb5cf2fea5",
                "sha256:4a4f23a08fbccbe40ecdb5384d807bcb469ea71dd87e6be2e80b036b8e6d47df",
                "sha256:77a2fc622a1f2d08a707673c9be5769d521f03d867d305f172bb417fa7882754",
                "sha256:8014c06a9ed7b78ba81beff3ae71acd78c212390f8ed839e9ce22735880bd5b4",
                "sha256:83af04029bcb4b56c852e5876fef71340dcb465fa44fc99f80bac72e10fb0b74",
                "sha256:86c0d2587f56776f25d52cca8e275adf495c8e01933fbfc2ca23b124610ab761",
                "sha256:9305d7cbc802aaefac5c75a3df725f2654797369f32b18d4d0adb382dfab6c09",
                "sha256:9b5ddbed85ec73293695d7116589d956ef0dd3fcf7bf3b2a3bc1e8e54c1d543a",
                "sha256:a3d2cc0cb0b988dbfd0d11f7fac34058b25a6ce533ed5b8e88d6cb315e77d54a",
                "sha256:ab1db8f3e96570d9f7ebc45133ce2574804b2280499baade178e163d022107b5",
                "sha256:b039f51bca1ddd70234cc3f84f94f42ad43861b931bdfb497f887c60c39a6565",
                "sha256:b287ddf4cafcfb632974907d1e7862119e36bb758228bdb07dd247553e4cdfc0",
                "sha256:b6b2b26590304d97ef2af28d153ee99ace6fe0806934f4618edfc87216c77f91",
                "sha256:c4c6004d410c77bfa5389ae9485498ce32805447a67afbfe8db0d247a5c88fa1",
                "sha256:c606bff0978ee4858d86d40f6b6ab0c4cac4474f627bd054683dc03a4fc1a366",
                "sha256:c8220c521a408b41c4f14036004a621ed0d965941286b978cd2ea2623fabd755",
                "sha256:cb07184a4bfad304831f0a88b1c13fbd8cf9fcdf1f11e71c477dd6d7b1b078a0",
                "sha256:cf3911fba0c47fc1313b5783183cda301032b14637a0b7a336766ae46998c7ee",
                "sha256:d0972f062c73956332e9681dfdb133168618f0abfecc96e89f0205ac89cd454b",
                "sha256:d1dd3eb8edd354083f5d27b968c5a17854c41347ba5a480b520be85ec1a8495c",
                "sha256:d51c7ed810fce1e50464088c37cc8da05534de8afb12a732500827ebcc480081",
                "sha256:d8940b5104588d6313315e037f0f5ed68d2e5f62ccc1c429d3cff11d2ba6de3f",
                "sha256:de4f88f823037a71ea5ef3c1041d96b8a68d73343133edda684fd42f575bd9d7"
            ],
            "index": "pypi",
            "version": "==2.7.4"
        },
        "python-dateutil": {
            "hashes": [
                "sha256:73ebfe9dbf22e832286dafa60473e4cd239f8592f699aa5adaf10050e6e1823c",
                "sha256:75bb3f31ea686f1197762692a9ee6a7550b59fc6ca3a1f4b5d7e32fb98e2da2a"
            ],
            "version": "==2.8.1"
        },
        "pytz": {
            "hashes": [
                "sha256:1c557d7d0e871de1f5ccd5833f60fb2550652da6be2693c1e02300743d21500d",
                "sha256:b02c06db6cf09c12dd25137e563b31700d3b80fcc4ad23abb7a315f2789819be"
            ],
            "version": "==2019.3"
        },
        "requests": {
            "hashes": [
                "sha256:6a1b267aa90cac58ac3a765d067950e7dbbf75b1da07e895d1f594193a40a38b",
                "sha256:9c443e7324ba5b85070c4a818ade28bfabedf16ea10206da1132edaa6dda237e"
            ],
            "index": "pypi",
            "version": "==2.18.4"
        },
        "simpledbf": {
            "hashes": [
                "sha256:345d4f1e58549c4a6ad8079d6ed65ad8550ccdc1acd8444a946cdb04d0212af4"
            ],
            "index": "pypi",
            "version": "==0.2.6"
        },
        "six": {
            "hashes": [
                "sha256:236bdbdce46e6e6a3d61a337c0f8b763ca1e8717c03b369e87a7ec7ce1319c0a",
                "sha256:8f3cd2e254d8f793e7f3d6d9df77b92252b52637291d0f0da013c76ea2724b6c"
            ],
            "version": "==1.14.0"
        },
        "sqlparse": {
            "hashes": [
                "sha256:40afe6b8d4b1117e7dff5504d7a8ce07d9a1b15aeeade8a2d10f130a834f8177",
                "sha256:7c3dca29c022744e95b547e867cee89f4fce4373f3549ccd8797d8eb52cdb873"
            ],
            "version": "==0.3.0"
        },
        "urllib3": {
            "hashes": [
                "sha256:06330f386d6e4b195fbfc736b297f58c5a892e4440e54d294d7004e3a9bbea1b",
                "sha256:cc44da8e1145637334317feebd728bd869a35285b93cbb4cca2577da7e62db4f"
            ],
            "version": "==1.22"
        },
        "whitenoise": {
            "hashes": [
                "sha256:0f9137f74bd95fa54329ace88d8dc695fbe895369a632e35f7a136e003e41d73",
                "sha256:62556265ec1011bd87113fb81b7516f52688887b7a010ee899ff1fd18fd22700"
            ],
            "version": "==5.0.1"
        },
        "xlrd": {
            "hashes": [
                "sha256:83a1d2f1091078fb3f65876753b5302c5cfb6a41de64b9587b74cefa75157148",
                "sha256:8a21885513e6d915fe33a8ee5fdfa675433b61405ba13e2a69e62ee36828d7e2"
            ],
            "index": "pypi",
            "version": "==1.1.0"
        }
    },
    "develop": {}
}
